
Microsoft Visual Studio Solution File, Format Version 12.00
# Visual Studio Version 17
VisualStudioVersion = 17.1.32407.343
MinimumVisualStudioVersion = 10.0.40219.1
Project("{FAE04EC0-301F-11D3-BF4B-00C04F79EFBC}") = "PracticaTest", "PracticaTest\PracticaTest.csproj", "{4738A0B3-B029-4073-92D8-EFCB62611030}"
EndProject
Global
	GlobalSection(SolutionConfigurationPlatforms) = preSolution
		Debug|Any CPU = Debug|Any CPU
		Release|Any CPU = Release|Any CPU
	EndGlobalSection
	GlobalSection(ProjectConfigurationPlatforms) = postSolution
		{4738A0B3-B029-4073-92D8-EFCB62611030}.Debug|Any CPU.ActiveCfg = Debug|Any CPU
		{4738A0B3-B029-4073-92D8-EFCB62611030}.Debug|Any CPU.Build.0 = Debug|Any CPU
		{4738A0B3-B029-4073-92D8-EFCB62611030}.Release|Any CPU.ActiveCfg = Release|Any CPU
		{4738A0B3-B029-4073-92D8-EFCB62611030}.Release|Any CPU.Build.0 = Release|Any CPU
	EndGlobalSection
	GlobalSection(SolutionProperties) = preSolution
		HideSolutionNode = FALSE
	EndGlobalSection
	GlobalSection(ExtensibilityGlobals) = postSolution
		SolutionGuid = {8BC88E41-6E25-40D5-AD0E-6BE1E36E81F3}
	EndGlobalSection
EndGlobal
